
Microsoft Visual Studio Solution File, Format Version 12.00
# Visual Studio Version 17
VisualStudioVersion = 17.7.34024.191
MinimumVisualStudioVersion = 10.0.40219.1
Project("{9A19103F-16F7-4668-BE54-9A1E7A4F7556}") = "LoadCalculator.Domain", "..\LoadCalculator.Domain\LoadCalculator.Domain.csproj", "{9369EF6F-D140-469F-BF58-56557734179D}"
EndProject
Project("{9A19103F-16F7-4668-BE54-9A1E7A4F7556}") = "LoanCalculator.Application", "..\Application\LoanCalculator.Application.csproj", "{3DE58AF3-1014-413B-A235-3F0EEAF44F7E}"
EndProject
Project("{FAE04EC0-301F-11D3-BF4B-00C04F79EFBC}") = "LoanCalculatorConsole", "..\LoanCalculatorConsole\LoanCalculatorConsole.csproj", "{E59ED5AE-BF43-4A68-8A78-76323344D129}"
EndProject
Project("{FAE04EC0-301F-11D3-BF4B-00C04F79EFBC}") = "LoanCalculatorTest", "..\LoanCalculatorTest\LoanCalculatorTest.csproj", "{A00FED04-01C2-4846-B884-3E9462D1A4E6}"
EndProject
Global
	GlobalSection(SolutionConfigurationPlatforms) = preSolution
		Debug|Any CPU = Debug|Any CPU
		Release|Any CPU = Release|Any CPU
	EndGlobalSection
	GlobalSection(ProjectConfigurationPlatforms) = postSolution
		{9369EF6F-D140-469F-BF58-56557734179D}.Debug|Any CPU.ActiveCfg = Debug|Any CPU
		{9369EF6F-D140-469F-BF58-56557734179D}.Debug|Any CPU.Build.0 = Debug|Any CPU
		{9369EF6F-D140-469F-BF58-56557734179D}.Release|Any CPU.ActiveCfg = Release|Any CPU
		{9369EF6F-D140-469F-BF58-56557734179D}.Release|Any CPU.Build.0 = Release|Any CPU
		{3DE58AF3-1014-413B-A235-3F0EEAF44F7E}.Debug|Any CPU.ActiveCfg = Debug|Any CPU
		{3DE58AF3-1014-413B-A235-3F0EEAF44F7E}.Debug|Any CPU.Build.0 = Debug|Any CPU
		{3DE58AF3-1014-413B-A235-3F0EEAF44F7E}.Release|Any CPU.ActiveCfg = Release|Any CPU
		{3DE58AF3-1014-413B-A235-3F0EEAF44F7E}.Release|Any CPU.Build.0 = Release|Any CPU
		{E59ED5AE-BF43-4A68-8A78-76323344D129}.Debug|Any CPU.ActiveCfg = Debug|Any CPU
		{E59ED5AE-BF43-4A68-8A78-76323344D129}.Debug|Any CPU.Build.0 = Debug|Any CPU
		{E59ED5AE-BF43-4A68-8A78-76323344D129}.Release|Any CPU.ActiveCfg = Release|Any CPU
		{E59ED5AE-BF43-4A68-8A78-76323344D129}.Release|Any CPU.Build.0 = Release|Any CPU
		{A00FED04-01C2-4846-B884-3E9462D1A4E6}.Debug|Any CPU.ActiveCfg = Debug|Any CPU
		{A00FED04-01C2-4846-B884-3E9462D1A4E6}.Debug|Any CPU.Build.0 = Debug|Any CPU
		{A00FED04-01C2-4846-B884-3E9462D1A4E6}.Release|Any CPU.ActiveCfg = Release|Any CPU
		{A00FED04-01C2-4846-B884-3E9462D1A4E6}.Release|Any CPU.Build.0 = Release|Any CPU
	EndGlobalSection
	GlobalSection(SolutionProperties) = preSolution
		HideSolutionNode = FALSE
	EndGlobalSection
	GlobalSection(ExtensibilityGlobals) = postSolution
		SolutionGuid = {D97C5464-C3AB-408B-A398-36F1F49BB18E}
	EndGlobalSection
EndGlobal
