
Microsoft Visual Studio Solution File, Format Version 12.00
# Visual Studio Version 17
VisualStudioVersion = 17.7.34024.191
MinimumVisualStudioVersion = 10.0.40219.1
Project("{2150E333-8FDC-42A3-9474-1A3956D46DE8}") = "src", "src", "{1601BF4E-6468-404A-9073-CB59002E6617}"
EndProject
Project("{2150E333-8FDC-42A3-9474-1A3956D46DE8}") = "API", "API", "{A98A4324-B4BA-4712-AF34-D1727816F683}"
EndProject
Project("{2150E333-8FDC-42A3-9474-1A3956D46DE8}") = "Core", "Core", "{69863D1D-FAF9-4C09-ADFF-E248EEC120F4}"
EndProject
Project("{2150E333-8FDC-42A3-9474-1A3956D46DE8}") = "Infra", "Infra", "{DD8D5F55-9556-442E-912F-4AA91FCC7901}"
EndProject
Project("{2150E333-8FDC-42A3-9474-1A3956D46DE8}") = "UI", "UI", "{C1CFA2AC-D191-414C-91AA-5852A93D8347}"
EndProject
Project("{FAE04EC0-301F-11D3-BF4B-00C04F79EFBC}") = "CA.Application", "CA.Application\CA.Application.csproj", "{686D2293-BFF5-4C69-9487-35ABDEAEB0E8}"
EndProject
Project("{FAE04EC0-301F-11D3-BF4B-00C04F79EFBC}") = "CA.Domain", "CA.Domain\CA.Domain.csproj", "{643B134E-DDE6-4F07-B0D6-CC74F1CE1334}"
EndProject
Project("{FAE04EC0-301F-11D3-BF4B-00C04F79EFBC}") = "CA.Infrastructure", "CA.Infrastructure\CA.Infrastructure.csproj", "{DE3BBB6F-7B2C-4948-B242-41B720A30B19}"
EndProject
Project("{FAE04EC0-301F-11D3-BF4B-00C04F79EFBC}") = "CA.Persistence", "CA.Persistence\CA.Persistence.csproj", "{A64821CF-904B-429E-8664-780700A66F81}"
EndProject
Project("{FAE04EC0-301F-11D3-BF4B-00C04F79EFBC}") = "CA.API", "CA.API\CA.API.csproj", "{FD796990-3273-4748-A46C-CC3A6B99DDF5}"
EndProject
Global
	GlobalSection(SolutionConfigurationPlatforms) = preSolution
		Debug|Any CPU = Debug|Any CPU
		Release|Any CPU = Release|Any CPU
	EndGlobalSection
	GlobalSection(ProjectConfigurationPlatforms) = postSolution
		{686D2293-BFF5-4C69-9487-35ABDEAEB0E8}.Debug|Any CPU.ActiveCfg = Debug|Any CPU
		{686D2293-BFF5-4C69-9487-35ABDEAEB0E8}.Debug|Any CPU.Build.0 = Debug|Any CPU
		{686D2293-BFF5-4C69-9487-35ABDEAEB0E8}.Release|Any CPU.ActiveCfg = Release|Any CPU
		{686D2293-BFF5-4C69-9487-35ABDEAEB0E8}.Release|Any CPU.Build.0 = Release|Any CPU
		{643B134E-DDE6-4F07-B0D6-CC74F1CE1334}.Debug|Any CPU.ActiveCfg = Debug|Any CPU
		{643B134E-DDE6-4F07-B0D6-CC74F1CE1334}.Debug|Any CPU.Build.0 = Debug|Any CPU
		{643B134E-DDE6-4F07-B0D6-CC74F1CE1334}.Release|Any CPU.ActiveCfg = Release|Any CPU
		{643B134E-DDE6-4F07-B0D6-CC74F1CE1334}.Release|Any CPU.Build.0 = Release|Any CPU
		{DE3BBB6F-7B2C-4948-B242-41B720A30B19}.Debug|Any CPU.ActiveCfg = Debug|Any CPU
		{DE3BBB6F-7B2C-4948-B242-41B720A30B19}.Debug|Any CPU.Build.0 = Debug|Any CPU
		{DE3BBB6F-7B2C-4948-B242-41B720A30B19}.Release|Any CPU.ActiveCfg = Release|Any CPU
		{DE3BBB6F-7B2C-4948-B242-41B720A30B19}.Release|Any CPU.Build.0 = Release|Any CPU
		{A64821CF-904B-429E-8664-780700A66F81}.Debug|Any CPU.ActiveCfg = Debug|Any CPU
		{A64821CF-904B-429E-8664-780700A66F81}.Debug|Any CPU.Build.0 = Debug|Any CPU
		{A64821CF-904B-429E-8664-780700A66F81}.Release|Any CPU.ActiveCfg = Release|Any CPU
		{A64821CF-904B-429E-8664-780700A66F81}.Release|Any CPU.Build.0 = Release|Any CPU
		{FD796990-3273-4748-A46C-CC3A6B99DDF5}.Debug|Any CPU.ActiveCfg = Debug|Any CPU
		{FD796990-3273-4748-A46C-CC3A6B99DDF5}.Debug|Any CPU.Build.0 = Debug|Any CPU
		{FD796990-3273-4748-A46C-CC3A6B99DDF5}.Release|Any CPU.ActiveCfg = Release|Any CPU
		{FD796990-3273-4748-A46C-CC3A6B99DDF5}.Release|Any CPU.Build.0 = Release|Any CPU
	EndGlobalSection
	GlobalSection(SolutionProperties) = preSolution
		HideSolutionNode = FALSE
	EndGlobalSection
	GlobalSection(NestedProjects) = preSolution
		{A98A4324-B4BA-4712-AF34-D1727816F683} = {1601BF4E-6468-404A-9073-CB59002E6617}
		{69863D1D-FAF9-4C09-ADFF-E248EEC120F4} = {1601BF4E-6468-404A-9073-CB59002E6617}
		{DD8D5F55-9556-442E-912F-4AA91FCC7901} = {1601BF4E-6468-404A-9073-CB59002E6617}
		{C1CFA2AC-D191-414C-91AA-5852A93D8347} = {1601BF4E-6468-404A-9073-CB59002E6617}
		{686D2293-BFF5-4C69-9487-35ABDEAEB0E8} = {69863D1D-FAF9-4C09-ADFF-E248EEC120F4}
		{643B134E-DDE6-4F07-B0D6-CC74F1CE1334} = {69863D1D-FAF9-4C09-ADFF-E248EEC120F4}
		{DE3BBB6F-7B2C-4948-B242-41B720A30B19} = {DD8D5F55-9556-442E-912F-4AA91FCC7901}
		{A64821CF-904B-429E-8664-780700A66F81} = {DD8D5F55-9556-442E-912F-4AA91FCC7901}
		{FD796990-3273-4748-A46C-CC3A6B99DDF5} = {A98A4324-B4BA-4712-AF34-D1727816F683}
	EndGlobalSection
	GlobalSection(ExtensibilityGlobals) = postSolution
		SolutionGuid = {45754B5F-2A75-4602-A668-41F9D3EC08A7}
	EndGlobalSection
EndGlobal
