
Microsoft Visual Studio Solution File, Format Version 12.00
# Visual Studio Version 17
VisualStudioVersion = 17.0.31903.59
MinimumVisualStudioVersion = 10.0.40219.1
Project("{FAE04EC0-301F-11D3-BF4B-00C04F79EFBC}") = "API", "API\API.csproj", "{2E2236E6-29D0-4EEE-9BD5-A0900924B520}"
EndProject
Project("{FAE04EC0-301F-11D3-BF4B-00C04F79EFBC}") = "Features.DocumentProcessing", "Features.DocumentProcessing\Features.DocumentProcessing.csproj", "{9D3AAEEA-35D5-414F-92FA-8C4493413C21}"
EndProject
Project("{FAE04EC0-301F-11D3-BF4B-00C04F79EFBC}") = "Infrastructure", "Infrastructure\Infrastructure.csproj", "{D9D06472-1408-4109-8109-5B44C0F287CB}"
EndProject
Global
	GlobalSection(SolutionConfigurationPlatforms) = preSolution
		Debug|Any CPU = Debug|Any CPU
		Release|Any CPU = Release|Any CPU
	EndGlobalSection
	GlobalSection(SolutionProperties) = preSolution
		HideSolutionNode = FALSE
	EndGlobalSection
	GlobalSection(ProjectConfigurationPlatforms) = postSolution
		{2E2236E6-29D0-4EEE-9BD5-A0900924B520}.Debug|Any CPU.ActiveCfg = Debug|Any CPU
		{2E2236E6-29D0-4EEE-9BD5-A0900924B520}.Debug|Any CPU.Build.0 = Debug|Any CPU
		{2E2236E6-29D0-4EEE-9BD5-A0900924B520}.Release|Any CPU.ActiveCfg = Release|Any CPU
		{2E2236E6-29D0-4EEE-9BD5-A0900924B520}.Release|Any CPU.Build.0 = Release|Any CPU
		{9D3AAEEA-35D5-414F-92FA-8C4493413C21}.Debug|Any CPU.ActiveCfg = Debug|Any CPU
		{9D3AAEEA-35D5-414F-92FA-8C4493413C21}.Debug|Any CPU.Build.0 = Debug|Any CPU
		{9D3AAEEA-35D5-414F-92FA-8C4493413C21}.Release|Any CPU.ActiveCfg = Release|Any CPU
		{9D3AAEEA-35D5-414F-92FA-8C4493413C21}.Release|Any CPU.Build.0 = Release|Any CPU
		{D9D06472-1408-4109-8109-5B44C0F287CB}.Debug|Any CPU.ActiveCfg = Debug|Any CPU
		{D9D06472-1408-4109-8109-5B44C0F287CB}.Debug|Any CPU.Build.0 = Debug|Any CPU
		{D9D06472-1408-4109-8109-5B44C0F287CB}.Release|Any CPU.ActiveCfg = Release|Any CPU
		{D9D06472-1408-4109-8109-5B44C0F287CB}.Release|Any CPU.Build.0 = Release|Any CPU
	EndGlobalSection
EndGlobal
