
Microsoft Visual Studio Solution File, Format Version 12.00
# Visual Studio Version 17
VisualStudioVersion = 17.7.34024.191
MinimumVisualStudioVersion = 10.0.40219.1
Project("{FAE04EC0-301F-11D3-BF4B-00C04F79EFBC}") = "SharedKernel", "SharedKernal\SharedKernel.csproj", "{675CE5AE-F399-44F4-9AE0-247F0CAF7875}"
EndProject
Project("{2150E333-8FDC-42A3-9474-1A3956D46DE8}") = "Feature", "Feature", "{5F7130DB-E224-4272-8A09-9D71FFB5FC64}"
EndProject
Project("{FAE04EC0-301F-11D3-BF4B-00C04F79EFBC}") = "Infrastructure", "Infrastructure\Infrastructure.csproj", "{C9DAC9CD-04D7-44B6-A577-2CCDACE0F5A5}"
EndProject
Project("{FAE04EC0-301F-11D3-BF4B-00C04F79EFBC}") = "RestApi", "RestApi\RestApi.csproj", "{7C0FCDF1-B227-4196-850A-E541B66147BF}"
EndProject
Project("{FAE04EC0-301F-11D3-BF4B-00C04F79EFBC}") = "ProductSlices", "ProductSlices\ProductSlices.csproj", "{C576952D-AA15-4C4F-B12E-B36FAE207E6D}"
EndProject
Project("{FAE04EC0-301F-11D3-BF4B-00C04F79EFBC}") = "CustomerSlices", "CustomerSlices\CustomerSlices.csproj", "{D3F89CFB-4458-46A1-AD52-92441613A1D6}"
EndProject
Project("{FAE04EC0-301F-11D3-BF4B-00C04F79EFBC}") = "OrderSlices", "OrderSlices\OrderSlices.csproj", "{DCD1F59E-55A1-43E9-9B2E-4CEA12B95138}"
EndProject
Project("{FAE04EC0-301F-11D3-BF4B-00C04F79EFBC}") = "DapperPersistance", "Persistance\DapperPersistance.csproj", "{F3A478CE-4DF6-4996-AE0E-0DC9884E52DF}"
EndProject
Project("{2150E333-8FDC-42A3-9474-1A3956D46DE8}") = "Shared", "Shared", "{94BAE304-7EAA-45C2-B67F-2B2582CF8D88}"
EndProject
Project("{2150E333-8FDC-42A3-9474-1A3956D46DE8}") = "Database", "Database", "{9B2CE3AF-5BD2-403F-883C-181A0FA6D57B}"
EndProject
Global
	GlobalSection(SolutionConfigurationPlatforms) = preSolution
		Debug|Any CPU = Debug|Any CPU
		Release|Any CPU = Release|Any CPU
	EndGlobalSection
	GlobalSection(ProjectConfigurationPlatforms) = postSolution
		{675CE5AE-F399-44F4-9AE0-247F0CAF7875}.Debug|Any CPU.ActiveCfg = Debug|Any CPU
		{675CE5AE-F399-44F4-9AE0-247F0CAF7875}.Debug|Any CPU.Build.0 = Debug|Any CPU
		{675CE5AE-F399-44F4-9AE0-247F0CAF7875}.Release|Any CPU.ActiveCfg = Release|Any CPU
		{675CE5AE-F399-44F4-9AE0-247F0CAF7875}.Release|Any CPU.Build.0 = Release|Any CPU
		{C9DAC9CD-04D7-44B6-A577-2CCDACE0F5A5}.Debug|Any CPU.ActiveCfg = Debug|Any CPU
		{C9DAC9CD-04D7-44B6-A577-2CCDACE0F5A5}.Debug|Any CPU.Build.0 = Debug|Any CPU
		{C9DAC9CD-04D7-44B6-A577-2CCDACE0F5A5}.Release|Any CPU.ActiveCfg = Release|Any CPU
		{C9DAC9CD-04D7-44B6-A577-2CCDACE0F5A5}.Release|Any CPU.Build.0 = Release|Any CPU
		{7C0FCDF1-B227-4196-850A-E541B66147BF}.Debug|Any CPU.ActiveCfg = Debug|Any CPU
		{7C0FCDF1-B227-4196-850A-E541B66147BF}.Debug|Any CPU.Build.0 = Debug|Any CPU
		{7C0FCDF1-B227-4196-850A-E541B66147BF}.Release|Any CPU.ActiveCfg = Release|Any CPU
		{7C0FCDF1-B227-4196-850A-E541B66147BF}.Release|Any CPU.Build.0 = Release|Any CPU
		{C576952D-AA15-4C4F-B12E-B36FAE207E6D}.Debug|Any CPU.ActiveCfg = Debug|Any CPU
		{C576952D-AA15-4C4F-B12E-B36FAE207E6D}.Debug|Any CPU.Build.0 = Debug|Any CPU
		{C576952D-AA15-4C4F-B12E-B36FAE207E6D}.Release|Any CPU.ActiveCfg = Release|Any CPU
		{C576952D-AA15-4C4F-B12E-B36FAE207E6D}.Release|Any CPU.Build.0 = Release|Any CPU
		{D3F89CFB-4458-46A1-AD52-92441613A1D6}.Debug|Any CPU.ActiveCfg = Debug|Any CPU
		{D3F89CFB-4458-46A1-AD52-92441613A1D6}.Debug|Any CPU.Build.0 = Debug|Any CPU
		{D3F89CFB-4458-46A1-AD52-92441613A1D6}.Release|Any CPU.ActiveCfg = Release|Any CPU
		{D3F89CFB-4458-46A1-AD52-92441613A1D6}.Release|Any CPU.Build.0 = Release|Any CPU
		{DCD1F59E-55A1-43E9-9B2E-4CEA12B95138}.Debug|Any CPU.ActiveCfg = Debug|Any CPU
		{DCD1F59E-55A1-43E9-9B2E-4CEA12B95138}.Debug|Any CPU.Build.0 = Debug|Any CPU
		{DCD1F59E-55A1-43E9-9B2E-4CEA12B95138}.Release|Any CPU.ActiveCfg = Release|Any CPU
		{DCD1F59E-55A1-43E9-9B2E-4CEA12B95138}.Release|Any CPU.Build.0 = Release|Any CPU
		{F3A478CE-4DF6-4996-AE0E-0DC9884E52DF}.Debug|Any CPU.ActiveCfg = Debug|Any CPU
		{F3A478CE-4DF6-4996-AE0E-0DC9884E52DF}.Debug|Any CPU.Build.0 = Debug|Any CPU
		{F3A478CE-4DF6-4996-AE0E-0DC9884E52DF}.Release|Any CPU.ActiveCfg = Release|Any CPU
		{F3A478CE-4DF6-4996-AE0E-0DC9884E52DF}.Release|Any CPU.Build.0 = Release|Any CPU
	EndGlobalSection
	GlobalSection(SolutionProperties) = preSolution
		HideSolutionNode = FALSE
	EndGlobalSection
	GlobalSection(NestedProjects) = preSolution
		{675CE5AE-F399-44F4-9AE0-247F0CAF7875} = {94BAE304-7EAA-45C2-B67F-2B2582CF8D88}
		{C9DAC9CD-04D7-44B6-A577-2CCDACE0F5A5} = {94BAE304-7EAA-45C2-B67F-2B2582CF8D88}
		{C576952D-AA15-4C4F-B12E-B36FAE207E6D} = {5F7130DB-E224-4272-8A09-9D71FFB5FC64}
		{D3F89CFB-4458-46A1-AD52-92441613A1D6} = {5F7130DB-E224-4272-8A09-9D71FFB5FC64}
		{DCD1F59E-55A1-43E9-9B2E-4CEA12B95138} = {5F7130DB-E224-4272-8A09-9D71FFB5FC64}
		{F3A478CE-4DF6-4996-AE0E-0DC9884E52DF} = {9B2CE3AF-5BD2-403F-883C-181A0FA6D57B}
	EndGlobalSection
	GlobalSection(ExtensibilityGlobals) = postSolution
		SolutionGuid = {6C24FCC5-66E0-4FE0-B671-EEBD42E53CF4}
	EndGlobalSection
EndGlobal
