
Microsoft Visual Studio Solution File, Format Version 12.00
# Visual Studio Version 17
VisualStudioVersion = 17.7.34024.191
MinimumVisualStudioVersion = 10.0.40219.1
Project("{2150E333-8FDC-42A3-9474-1A3956D46DE8}") = "Api", "Api", "{F22C7011-9477-413C-A2F1-ADE61C7EBB63}"
EndProject
Project("{2150E333-8FDC-42A3-9474-1A3956D46DE8}") = "Core", "Core", "{8C26AF09-2C29-430C-BFB2-0BE379D3F616}"
EndProject
Project("{2150E333-8FDC-42A3-9474-1A3956D46DE8}") = "Infra", "Infra", "{D992F594-5873-4B7C-AF2D-F60581F24EBF}"
EndProject
Project("{2150E333-8FDC-42A3-9474-1A3956D46DE8}") = "Shared", "Shared", "{1F1BD9B3-817A-43F4-8622-AA278B759CF2}"
EndProject
Project("{9A19103F-16F7-4668-BE54-9A1E7A4F7556}") = "EMS.API", "EMS.API\EMS.API.csproj", "{B4D1A9C6-17E0-4088-9400-0D17F592CFD8}"
EndProject
Project("{2150E333-8FDC-42A3-9474-1A3956D46DE8}") = "Persistance", "Persistance", "{EF3FB324-2A03-42E1-AD0E-DB29885DF97B}"
EndProject
Project("{9A19103F-16F7-4668-BE54-9A1E7A4F7556}") = "EMS.UseCases", "EMS.Modules.TicketMgmt\EMS.UseCases.csproj", "{FCE14A10-65CC-4F3D-AE8E-20FD961B05EA}"
EndProject
Project("{9A19103F-16F7-4668-BE54-9A1E7A4F7556}") = "EMS.Shared", "EMS.Shared.UseCases\EMS.Shared.csproj", "{B2CB58F4-01B5-46A8-9785-AC3EA0B93389}"
EndProject
Project("{9A19103F-16F7-4668-BE54-9A1E7A4F7556}") = "EMS.Infra", "EMS.Infra\EMS.Infra.csproj", "{BEB2BCEC-EDFD-4D14-A850-F2874FC41B0E}"
EndProject
Project("{9A19103F-16F7-4668-BE54-9A1E7A4F7556}") = "EMS.Repository", "EMS.Repository\EMS.Repository.csproj", "{ED34B238-702D-42BF-A3B0-71E8FC11BDC5}"
EndProject
Project("{FAE04EC0-301F-11D3-BF4B-00C04F79EFBC}") = "EMS.Core", "EMS.Core\EMS.Core.csproj", "{F8D4EE46-70A9-4BA1-9935-16E19F010675}"
EndProject
Global
	GlobalSection(SolutionConfigurationPlatforms) = preSolution
		Debug|Any CPU = Debug|Any CPU
		Release|Any CPU = Release|Any CPU
	EndGlobalSection
	GlobalSection(ProjectConfigurationPlatforms) = postSolution
		{B4D1A9C6-17E0-4088-9400-0D17F592CFD8}.Debug|Any CPU.ActiveCfg = Debug|Any CPU
		{B4D1A9C6-17E0-4088-9400-0D17F592CFD8}.Debug|Any CPU.Build.0 = Debug|Any CPU
		{B4D1A9C6-17E0-4088-9400-0D17F592CFD8}.Release|Any CPU.ActiveCfg = Release|Any CPU
		{B4D1A9C6-17E0-4088-9400-0D17F592CFD8}.Release|Any CPU.Build.0 = Release|Any CPU
		{FCE14A10-65CC-4F3D-AE8E-20FD961B05EA}.Debug|Any CPU.ActiveCfg = Debug|Any CPU
		{FCE14A10-65CC-4F3D-AE8E-20FD961B05EA}.Debug|Any CPU.Build.0 = Debug|Any CPU
		{FCE14A10-65CC-4F3D-AE8E-20FD961B05EA}.Release|Any CPU.ActiveCfg = Release|Any CPU
		{FCE14A10-65CC-4F3D-AE8E-20FD961B05EA}.Release|Any CPU.Build.0 = Release|Any CPU
		{B2CB58F4-01B5-46A8-9785-AC3EA0B93389}.Debug|Any CPU.ActiveCfg = Debug|Any CPU
		{B2CB58F4-01B5-46A8-9785-AC3EA0B93389}.Debug|Any CPU.Build.0 = Debug|Any CPU
		{B2CB58F4-01B5-46A8-9785-AC3EA0B93389}.Release|Any CPU.ActiveCfg = Release|Any CPU
		{B2CB58F4-01B5-46A8-9785-AC3EA0B93389}.Release|Any CPU.Build.0 = Release|Any CPU
		{BEB2BCEC-EDFD-4D14-A850-F2874FC41B0E}.Debug|Any CPU.ActiveCfg = Debug|Any CPU
		{BEB2BCEC-EDFD-4D14-A850-F2874FC41B0E}.Debug|Any CPU.Build.0 = Debug|Any CPU
		{BEB2BCEC-EDFD-4D14-A850-F2874FC41B0E}.Release|Any CPU.ActiveCfg = Release|Any CPU
		{BEB2BCEC-EDFD-4D14-A850-F2874FC41B0E}.Release|Any CPU.Build.0 = Release|Any CPU
		{ED34B238-702D-42BF-A3B0-71E8FC11BDC5}.Debug|Any CPU.ActiveCfg = Debug|Any CPU
		{ED34B238-702D-42BF-A3B0-71E8FC11BDC5}.Debug|Any CPU.Build.0 = Debug|Any CPU
		{ED34B238-702D-42BF-A3B0-71E8FC11BDC5}.Release|Any CPU.ActiveCfg = Release|Any CPU
		{ED34B238-702D-42BF-A3B0-71E8FC11BDC5}.Release|Any CPU.Build.0 = Release|Any CPU
		{F8D4EE46-70A9-4BA1-9935-16E19F010675}.Debug|Any CPU.ActiveCfg = Debug|Any CPU
		{F8D4EE46-70A9-4BA1-9935-16E19F010675}.Debug|Any CPU.Build.0 = Debug|Any CPU
		{F8D4EE46-70A9-4BA1-9935-16E19F010675}.Release|Any CPU.ActiveCfg = Release|Any CPU
		{F8D4EE46-70A9-4BA1-9935-16E19F010675}.Release|Any CPU.Build.0 = Release|Any CPU
	EndGlobalSection
	GlobalSection(SolutionProperties) = preSolution
		HideSolutionNode = FALSE
	EndGlobalSection
	GlobalSection(NestedProjects) = preSolution
		{B4D1A9C6-17E0-4088-9400-0D17F592CFD8} = {F22C7011-9477-413C-A2F1-ADE61C7EBB63}
		{FCE14A10-65CC-4F3D-AE8E-20FD961B05EA} = {8C26AF09-2C29-430C-BFB2-0BE379D3F616}
		{B2CB58F4-01B5-46A8-9785-AC3EA0B93389} = {1F1BD9B3-817A-43F4-8622-AA278B759CF2}
		{BEB2BCEC-EDFD-4D14-A850-F2874FC41B0E} = {D992F594-5873-4B7C-AF2D-F60581F24EBF}
		{ED34B238-702D-42BF-A3B0-71E8FC11BDC5} = {EF3FB324-2A03-42E1-AD0E-DB29885DF97B}
		{F8D4EE46-70A9-4BA1-9935-16E19F010675} = {8C26AF09-2C29-430C-BFB2-0BE379D3F616}
	EndGlobalSection
	GlobalSection(ExtensibilityGlobals) = postSolution
		SolutionGuid = {10AE2F06-5CB7-4F8D-A450-0758B784BD71}
	EndGlobalSection
EndGlobal
