
Microsoft Visual Studio Solution File, Format Version 12.00
# Visual Studio Version 17
VisualStudioVersion = 17.7.34024.191
MinimumVisualStudioVersion = 10.0.40219.1
Project("{FAE04EC0-301F-11D3-BF4B-00C04F79EFBC}") = "YangSoonSolution", "YangSoonSolution.csproj", "{E154A282-6600-48A1-A884-00D3C58A7BC5}"
EndProject
Global
	GlobalSection(SolutionConfigurationPlatforms) = preSolution
		Debug|Any CPU = Debug|Any CPU
		Release|Any CPU = Release|Any CPU
	EndGlobalSection
	GlobalSection(ProjectConfigurationPlatforms) = postSolution
		{E154A282-6600-48A1-A884-00D3C58A7BC5}.Debug|Any CPU.ActiveCfg = Debug|Any CPU
		{E154A282-6600-48A1-A884-00D3C58A7BC5}.Debug|Any CPU.Build.0 = Debug|Any CPU
		{E154A282-6600-48A1-A884-00D3C58A7BC5}.Release|Any CPU.ActiveCfg = Release|Any CPU
		{E154A282-6600-48A1-A884-00D3C58A7BC5}.Release|Any CPU.Build.0 = Release|Any CPU
	EndGlobalSection
	GlobalSection(SolutionProperties) = preSolution
		HideSolutionNode = FALSE
	EndGlobalSection
	GlobalSection(ExtensibilityGlobals) = postSolution
		SolutionGuid = {DD2711C2-A0D8-47C3-ABD4-86461851721B}
	EndGlobalSection
EndGlobal
