
Microsoft Visual Studio Solution File, Format Version 12.00
# Visual Studio Version 17
VisualStudioVersion = 17.7.34024.191
MinimumVisualStudioVersion = 10.0.40219.1
Project("{FAE04EC0-301F-11D3-BF4B-00C04F79EFBC}") = "ReferenceNumberAlgo.Domain", "ReferenceNumberAlgo.Domain\ReferenceNumberAlgo.Domain.csproj", "{D8EE52BB-3180-4E1D-B66C-F72F5E8B1364}"
EndProject
Project("{FAE04EC0-301F-11D3-BF4B-00C04F79EFBC}") = "ReferencesNumberAlgo.Application", "ReferencesNumberAlgo.Application\ReferencesNumberAlgo.Application.csproj", "{9206C4A1-DBA0-40FC-8ACF-2A67D0C47DB5}"
EndProject
Global
	GlobalSection(SolutionConfigurationPlatforms) = preSolution
		Debug|Any CPU = Debug|Any CPU
		Release|Any CPU = Release|Any CPU
	EndGlobalSection
	GlobalSection(ProjectConfigurationPlatforms) = postSolution
		{D8EE52BB-3180-4E1D-B66C-F72F5E8B1364}.Debug|Any CPU.ActiveCfg = Debug|Any CPU
		{D8EE52BB-3180-4E1D-B66C-F72F5E8B1364}.Debug|Any CPU.Build.0 = Debug|Any CPU
		{D8EE52BB-3180-4E1D-B66C-F72F5E8B1364}.Release|Any CPU.ActiveCfg = Release|Any CPU
		{D8EE52BB-3180-4E1D-B66C-F72F5E8B1364}.Release|Any CPU.Build.0 = Release|Any CPU
		{9206C4A1-DBA0-40FC-8ACF-2A67D0C47DB5}.Debug|Any CPU.ActiveCfg = Debug|Any CPU
		{9206C4A1-DBA0-40FC-8ACF-2A67D0C47DB5}.Debug|Any CPU.Build.0 = Debug|Any CPU
		{9206C4A1-DBA0-40FC-8ACF-2A67D0C47DB5}.Release|Any CPU.ActiveCfg = Release|Any CPU
		{9206C4A1-DBA0-40FC-8ACF-2A67D0C47DB5}.Release|Any CPU.Build.0 = Release|Any CPU
	EndGlobalSection
	GlobalSection(SolutionProperties) = preSolution
		HideSolutionNode = FALSE
	EndGlobalSection
	GlobalSection(ExtensibilityGlobals) = postSolution
		SolutionGuid = {00869ADB-5988-477D-AE3A-E51F865280BA}
	EndGlobalSection
EndGlobal
