
Microsoft Visual Studio Solution File, Format Version 12.00
# Visual Studio Version 17
VisualStudioVersion = 17.7.34024.191
MinimumVisualStudioVersion = 10.0.40219.1
Project("{FAE04EC0-301F-11D3-BF4B-00C04F79EFBC}") = "OrderAlgorithm", "OrderAlgorithm.csproj", "{CD83080E-CC65-43BF-AA5C-5BF46FDF62E5}"
EndProject
Project("{FAE04EC0-301F-11D3-BF4B-00C04F79EFBC}") = "OrderByAlgorithmAppTests", "..\OrderByAlgorithmAppTests\OrderByAlgorithmAppTests.csproj", "{DBAD9179-FA11-42F6-A317-19F1AB20E815}"
EndProject
Global
	GlobalSection(SolutionConfigurationPlatforms) = preSolution
		Debug|Any CPU = Debug|Any CPU
		Release|Any CPU = Release|Any CPU
	EndGlobalSection
	GlobalSection(ProjectConfigurationPlatforms) = postSolution
		{CD83080E-CC65-43BF-AA5C-5BF46FDF62E5}.Debug|Any CPU.ActiveCfg = Debug|Any CPU
		{CD83080E-CC65-43BF-AA5C-5BF46FDF62E5}.Debug|Any CPU.Build.0 = Debug|Any CPU
		{CD83080E-CC65-43BF-AA5C-5BF46FDF62E5}.Release|Any CPU.ActiveCfg = Release|Any CPU
		{CD83080E-CC65-43BF-AA5C-5BF46FDF62E5}.Release|Any CPU.Build.0 = Release|Any CPU
		{DBAD9179-FA11-42F6-A317-19F1AB20E815}.Debug|Any CPU.ActiveCfg = Debug|Any CPU
		{DBAD9179-FA11-42F6-A317-19F1AB20E815}.Debug|Any CPU.Build.0 = Debug|Any CPU
		{DBAD9179-FA11-42F6-A317-19F1AB20E815}.Release|Any CPU.ActiveCfg = Release|Any CPU
		{DBAD9179-FA11-42F6-A317-19F1AB20E815}.Release|Any CPU.Build.0 = Release|Any CPU
	EndGlobalSection
	GlobalSection(SolutionProperties) = preSolution
		HideSolutionNode = FALSE
	EndGlobalSection
	GlobalSection(ExtensibilityGlobals) = postSolution
		SolutionGuid = {CE185846-0930-4A88-8256-A81A1A2BEA30}
	EndGlobalSection
EndGlobal
